{
	"name": "@groupby/connect-datadog",
	"version": "0.0.4",
	"lockfileVersion": 1,
	"requires": true,
	"dependencies": {
		"http-status": {
			"version": "1.0.1",
			"resolved": "https://registry.npmjs.org/http-status/-/http-status-1.0.1.tgz",
			"integrity": "sha1-3EMAGov8UKyH1IWokvdXiWS8lKI="
		},
		"lodash": {
			"version": "4.17.4",
			"resolved": "https://registry.npmjs.org/lodash/-/lodash-4.17.4.tgz",
			"integrity": "sha1-eCA6TRwyiuHYbcpkYONptX9AVa4="
		},
		"node-dogstatsd": {
			"version": "0.0.6",
			"resolved": "https://registry.npmjs.org/node-dogstatsd/-/node-dogstatsd-0.0.6.tgz",
			"integrity": "sha1-1pfk0ZA6f/DBZHnNXRzeBDc34Ec="
		}
	}
}
